{
  "name": "frontend",
  "lockfileVersion": 3,
  "requires": true,
  "packages": {
    "": {
      "devDependencies": {
        "@vue/tsconfig": "^0.9.1"
      }
    },
    "node_modules/@vue/tsconfig": {
      "version": "0.9.1",
      "resolved": "https://registry.npmjs.org/@vue/tsconfig/-/tsconfig-0.9.1.tgz",
      "integrity": "sha512-buvjm+9NzLCJL29KY1j1991YYJ5e6275OiK+G4jtmfIb+z4POywbdm0wXusT9adVWqe0xqg70TbI7+mRx4uU9w==",
      "dev": true,
      "license": "MIT",
      "peerDependencies": {
        "typescript": ">= 5.8",
        "vue": "^3.4.0"
      },
      "peerDependenciesMeta": {
        "typescript": {
          "optional": true
        },
        "vue": {
          "optional": true
        }
      }
    }
  }
}
